
Microsoft Visual Studio Solution File, Format Version 12.00
# Visual Studio 15
VisualStudioVersion = 15.0.28010.0
MinimumVisualStudioVersion = 10.0.40219.1
Project("{F2A71F9B-5D33-465A-A702-920D77279786}") = "KanHQ", "KanHQ.fsproj", "{8987BD19-CC77-4959-A4E3-203714C613D5}"
EndProject
Project("{8BC9CEB8-8B4A-11D0-8D11-00A0C91BC942}") = "d3d9", "d3d9\d3d9.vcxproj", "{B805E2F6-08A9-4985-9626-65D812C6E52A}"
EndProject
Project("{8BC9CEB8-8B4A-11D0-8D11-00A0C91BC942}") = "WININET", "WININET\WININET.vcxproj", "{B6C56786-EDAB-4E2A-8570-C3C17DACEA75}"
EndProject
Global
	GlobalSection(SolutionConfigurationPlatforms) = preSolution
		Debug|Mixed Platforms = Debug|Mixed Platforms
		LightRelease|Mixed Platforms = LightRelease|Mixed Platforms
		Release|Mixed Platforms = Release|Mixed Platforms
	EndGlobalSection
	GlobalSection(ProjectConfigurationPlatforms) = postSolution
		{8987BD19-CC77-4959-A4E3-203714C613D5}.Debug|Mixed Platforms.ActiveCfg = Debug|Any CPU
		{8987BD19-CC77-4959-A4E3-203714C613D5}.Debug|Mixed Platforms.Build.0 = Debug|Any CPU
		{8987BD19-CC77-4959-A4E3-203714C613D5}.LightRelease|Mixed Platforms.ActiveCfg = LightRelease|Any CPU
		{8987BD19-CC77-4959-A4E3-203714C613D5}.LightRelease|Mixed Platforms.Build.0 = LightRelease|Any CPU
		{8987BD19-CC77-4959-A4E3-203714C613D5}.Release|Mixed Platforms.ActiveCfg = Release|Any CPU
		{8987BD19-CC77-4959-A4E3-203714C613D5}.Release|Mixed Platforms.Build.0 = Release|Any CPU
		{B805E2F6-08A9-4985-9626-65D812C6E52A}.Debug|Mixed Platforms.ActiveCfg = Debug|Win32
		{B805E2F6-08A9-4985-9626-65D812C6E52A}.LightRelease|Mixed Platforms.ActiveCfg = Release|Win32
		{B805E2F6-08A9-4985-9626-65D812C6E52A}.Release|Mixed Platforms.ActiveCfg = Release|Win32
		{B6C56786-EDAB-4E2A-8570-C3C17DACEA75}.Debug|Mixed Platforms.ActiveCfg = Debug|Win32
		{B6C56786-EDAB-4E2A-8570-C3C17DACEA75}.LightRelease|Mixed Platforms.ActiveCfg = Release|Win32
		{B6C56786-EDAB-4E2A-8570-C3C17DACEA75}.Release|Mixed Platforms.ActiveCfg = Release|Win32
	EndGlobalSection
	GlobalSection(SolutionProperties) = preSolution
		HideSolutionNode = FALSE
	EndGlobalSection
	GlobalSection(ExtensibilityGlobals) = postSolution
		SolutionGuid = {5A45B70B-07ED-4A65-9E47-E9B741022595}
	EndGlobalSection
EndGlobal
